
Microsoft Visual Studio Solution File, Format Version 12.00
# Visual Studio Version 16
VisualStudioVersion = 16.0.29920.165
MinimumVisualStudioVersion = 10.0.40219.1
Project("{8BC9CEB8-8B4A-11D0-8D11-00A0C91BC942}") = "FindPeak", "FindPeak\FindPeak.vcxproj", "{9A6D21B7-F574-4E24-877F-2D409FE27018}"
EndProject
Project("{8BC9CEB8-8B4A-11D0-8D11-00A0C91BC942}") = "BinarySearch", "BinarySearch\BinarySearch.vcxproj", "{5EEDD74C-4370-4A09-921D-46D38239C8D0}"
EndProject
Project("{8BC9CEB8-8B4A-11D0-8D11-00A0C91BC942}") = "WaterTappingProblem", "WaterTappingProblem\WaterTappingProblem.vcxproj", "{86072C45-5BCB-4B5F-8B40-E04DBD67E3C5}"
EndProject
Project("{8BC9CEB8-8B4A-11D0-8D11-00A0C91BC942}") = "MaxDiffSortedArray", "MaxDiffSortedArray\MaxDiffSortedArray.vcxproj", "{2DDE0A30-F955-439F-8284-7975FD17A740}"
EndProject
Project("{8BC9CEB8-8B4A-11D0-8D11-00A0C91BC942}") = "AbsoluteFunction", "AbsoluteFunction\AbsoluteFunction.vcxproj", "{ACE02D27-42A6-41E8-9D73-5F6D7FE37962}"
EndProject
Project("{8BC9CEB8-8B4A-11D0-8D11-00A0C91BC942}") = "SquareRoot", "SquareRoot\SquareRoot.vcxproj", "{E3A6BC57-245C-437B-8DAA-0D338CC28C71}"
EndProject
Project("{8BC9CEB8-8B4A-11D0-8D11-00A0C91BC942}") = "AllocateBookes", "AllocateBookes\AllocateBookes.vcxproj", "{BFC84335-1138-4898-9B6D-2677E62D8B33}"
EndProject
Project("{8BC9CEB8-8B4A-11D0-8D11-00A0C91BC942}") = "MaxKSizeSubArray", "MaxKSizeSubArray\MaxKSizeSubArray.vcxproj", "{6CC04606-D7B5-48EE-9412-33DAF9882E76}"
EndProject
Project("{8BC9CEB8-8B4A-11D0-8D11-00A0C91BC942}") = "MergeSort", "MergeSort\MergeSort.vcxproj", "{1D88F329-0211-47C2-83CD-81AEEAB92C16}"
EndProject
Project("{8BC9CEB8-8B4A-11D0-8D11-00A0C91BC942}") = "MaxSubArray", "MaxSubArray\MaxSubArray.vcxproj", "{CA7E6019-9C22-4EFF-9297-F12CEF4C9720}"
EndProject
Project("{8BC9CEB8-8B4A-11D0-8D11-00A0C91BC942}") = "PlatformsRequired", "PlatformsRequired\PlatformsRequired.vcxproj", "{5918E04C-ACFE-451B-8B79-9DD83988735B}"
EndProject
Project("{8BC9CEB8-8B4A-11D0-8D11-00A0C91BC942}") = "CowAndStalls", "CowAndStalls\CowAndStalls.vcxproj", "{804C810C-C281-45FF-B79C-993F90999EFD}"
EndProject
Project("{8BC9CEB8-8B4A-11D0-8D11-00A0C91BC942}") = "FindIndexOfSubArrayOfSize", "FindIndexOfSubArrayOfSize\FindIndexOfSubArrayOfSize.vcxproj", "{9D3B378F-ECAB-40E1-A2E0-8FF629981CDF}"
EndProject
Project("{8BC9CEB8-8B4A-11D0-8D11-00A0C91BC942}") = "MergeSortedArrays", "MergeSortedArrays\MergeSortedArrays.vcxproj", "{CA5254BD-3397-4196-8D66-F09350C27208}"
EndProject
Project("{8BC9CEB8-8B4A-11D0-8D11-00A0C91BC942}") = "FindMinLengthArray", "FindMinLengthArray\FindMinLengthArray.vcxproj", "{27BE6BA6-058B-4FC6-8586-75347CF0BF41}"
EndProject
Project("{8BC9CEB8-8B4A-11D0-8D11-00A0C91BC942}") = "RemoveDuplicateElements", "RemoveDuplicateElements\RemoveDuplicateElements.vcxproj", "{75E5F282-707C-4BC7-AEA7-386E1A534231}"
EndProject
Project("{8BC9CEB8-8B4A-11D0-8D11-00A0C91BC942}") = "RotateArray", "RotateArray\RotateArray.vcxproj", "{0D644AE3-2391-47C3-88BC-B696F8B7D185}"
EndProject
Project("{8BC9CEB8-8B4A-11D0-8D11-00A0C91BC942}") = "Jump-I", "Jump-I\Jump-I.vcxproj", "{18886865-5BB0-4CFB-B309-20BC89B33CD0}"
EndProject
Project("{8BC9CEB8-8B4A-11D0-8D11-00A0C91BC942}") = "SubSequenceOfSize", "SubSequenceOfSize\SubSequenceOfSize.vcxproj", "{10DC733B-3DE8-4C53-BF20-EA39C58C491B}"
EndProject
Project("{8BC9CEB8-8B4A-11D0-8D11-00A0C91BC942}") = "NPointerProblem", "NPointerProblem\NPointerProblem.vcxproj", "{5E4B5B87-22AE-454F-8B5D-675701601D5C}"
EndProject
Project("{8BC9CEB8-8B4A-11D0-8D11-00A0C91BC942}") = "EvaluateReversePolishNotation", "EvaluateReversePolishNotation\EvaluateReversePolishNotation.vcxproj", "{1393FF3F-4FD6-46ED-B0BA-CC82760E4745}"
EndProject
Project("{8BC9CEB8-8B4A-11D0-8D11-00A0C91BC942}") = "LinkedList", "LinkedList\LinkedList.vcxproj", "{8863DFA8-4073-47DC-95BB-6574E9983CD1}"
EndProject
Project("{8BC9CEB8-8B4A-11D0-8D11-00A0C91BC942}") = "LRUCache", "LRUCache\LRUCache.vcxproj", "{CF294332-CAAC-432A-A32F-23A0D1553B6F}"
EndProject
Project("{8BC9CEB8-8B4A-11D0-8D11-00A0C91BC942}") = "PrintEvenOddInThread", "PrintEvenOddInThread\PrintEvenOddInThread.vcxproj", "{D8C48269-8527-4D7C-8B4C-0C160EDB110C}"
EndProject
Project("{8BC9CEB8-8B4A-11D0-8D11-00A0C91BC942}") = "StringAnagram", "StringAnagram\StringAnagram.vcxproj", "{0CE20FE3-2A29-473A-8CE1-71ECF64A99C8}"
EndProject
Project("{8BC9CEB8-8B4A-11D0-8D11-00A0C91BC942}") = "RandomisedSet", "RandomisedSet\RandomisedSet.vcxproj", "{EBD13EEC-D8C2-4DD4-8BA5-F68C3880AB63}"
EndProject
Project("{8BC9CEB8-8B4A-11D0-8D11-00A0C91BC942}") = "ProductOfArrayElements", "ProductOfArrayElements\ProductOfArrayElements.vcxproj", "{BA0FC5FA-8177-4DA7-99BC-00DEEB284BAB}"
EndProject
Project("{8BC9CEB8-8B4A-11D0-8D11-00A0C91BC942}") = "GasStation", "GasStation\GasStation.vcxproj", "{24CA69D2-5DE6-4932-A829-A042F1291BDA}"
EndProject
Project("{8BC9CEB8-8B4A-11D0-8D11-00A0C91BC942}") = "CandiesByRatings", "CandiesByRatings\CandiesByRatings.vcxproj", "{A55B6FE4-C1EE-4C55-8469-6EAAB94C325F}"
EndProject
Project("{8BC9CEB8-8B4A-11D0-8D11-00A0C91BC942}") = "StringPalindrom", "StringPalindrom\StringPalindrom.vcxproj", "{F844DA37-C724-4437-A16E-A8AD3C7FB3AE}"
EndProject
Project("{8BC9CEB8-8B4A-11D0-8D11-00A0C91BC942}") = "WordReversal", "WordReversal\WordReversal.vcxproj", "{E1B9C539-AABB-4170-9577-D9E5210894B9}"
EndProject
Project("{8BC9CEB8-8B4A-11D0-8D11-00A0C91BC942}") = "ListPalindrom", "ListPalindrom\ListPalindrom.vcxproj", "{0700916B-2B77-43FB-A4E1-B94419B7C4C6}"
EndProject
Project("{8BC9CEB8-8B4A-11D0-8D11-00A0C91BC942}") = "StringZigzag", "StringZigzag\StringZigzag.vcxproj", "{3260A2AF-86AF-40C2-B3D2-BCC65C8F5584}"
EndProject
Project("{8BC9CEB8-8B4A-11D0-8D11-00A0C91BC942}") = "MaxLengthSubStringPalindrome", "MaxLengthSubStringPalindrome\MaxLengthSubStringPalindrome.vcxproj", "{CACD657E-CECC-46DC-B9C7-5AB2D6653464}"
EndProject
Project("{8BC9CEB8-8B4A-11D0-8D11-00A0C91BC942}") = "TextJustification", "TextJustification\TextJustification.vcxproj", "{4C6F0E63-D1B6-42FD-82FA-CDE9925377FA}"
EndProject
Project("{8BC9CEB8-8B4A-11D0-8D11-00A0C91BC942}") = "StringSubSequence", "StringSubSequence\StringSubSequence.vcxproj", "{1DB89577-F76D-4EBF-B636-9B476AC1150C}"
EndProject
Project("{8BC9CEB8-8B4A-11D0-8D11-00A0C91BC942}") = "QuickSort", "QuickSort\QuickSort.vcxproj", "{A7E31054-7CE6-418D-9A1F-D656FA36E298}"
EndProject
Global
	GlobalSection(SolutionConfigurationPlatforms) = preSolution
		Debug|x64 = Debug|x64
		Debug|x86 = Debug|x86
		Release|x64 = Release|x64
		Release|x86 = Release|x86
	EndGlobalSection
	GlobalSection(ProjectConfigurationPlatforms) = postSolution
		{9A6D21B7-F574-4E24-877F-2D409FE27018}.Debug|x64.ActiveCfg = Debug|x64
		{9A6D21B7-F574-4E24-877F-2D409FE27018}.Debug|x64.Build.0 = Debug|x64
		{9A6D21B7-F574-4E24-877F-2D409FE27018}.Debug|x86.ActiveCfg = Debug|Win32
		{9A6D21B7-F574-4E24-877F-2D409FE27018}.Debug|x86.Build.0 = Debug|Win32
		{9A6D21B7-F574-4E24-877F-2D409FE27018}.Release|x64.ActiveCfg = Release|x64
		{9A6D21B7-F574-4E24-877F-2D409FE27018}.Release|x64.Build.0 = Release|x64
		{9A6D21B7-F574-4E24-877F-2D409FE27018}.Release|x86.ActiveCfg = Release|Win32
		{9A6D21B7-F574-4E24-877F-2D409FE27018}.Release|x86.Build.0 = Release|Win32
		{5EEDD74C-4370-4A09-921D-46D38239C8D0}.Debug|x64.ActiveCfg = Debug|x64
		{5EEDD74C-4370-4A09-921D-46D38239C8D0}.Debug|x64.Build.0 = Debug|x64
		{5EEDD74C-4370-4A09-921D-46D38239C8D0}.Debug|x86.ActiveCfg = Debug|Win32
		{5EEDD74C-4370-4A09-921D-46D38239C8D0}.Debug|x86.Build.0 = Debug|Win32
		{5EEDD74C-4370-4A09-921D-46D38239C8D0}.Release|x64.ActiveCfg = Release|x64
		{5EEDD74C-4370-4A09-921D-46D38239C8D0}.Release|x64.Build.0 = Release|x64
		{5EEDD74C-4370-4A09-921D-46D38239C8D0}.Release|x86.ActiveCfg = Release|Win32
		{5EEDD74C-4370-4A09-921D-46D38239C8D0}.Release|x86.Build.0 = Release|Win32
		{86072C45-5BCB-4B5F-8B40-E04DBD67E3C5}.Debug|x64.ActiveCfg = Debug|x64
		{86072C45-5BCB-4B5F-8B40-E04DBD67E3C5}.Debug|x64.Build.0 = Debug|x64
		{86072C45-5BCB-4B5F-8B40-E04DBD67E3C5}.Debug|x86.ActiveCfg = Debug|Win32
		{86072C45-5BCB-4B5F-8B40-E04DBD67E3C5}.Debug|x86.Build.0 = Debug|Win32
		{86072C45-5BCB-4B5F-8B40-E04DBD67E3C5}.Release|x64.ActiveCfg = Release|x64
		{86072C45-5BCB-4B5F-8B40-E04DBD67E3C5}.Release|x64.Build.0 = Release|x64
		{86072C45-5BCB-4B5F-8B40-E04DBD67E3C5}.Release|x86.ActiveCfg = Release|Win32
		{86072C45-5BCB-4B5F-8B40-E04DBD67E3C5}.Release|x86.Build.0 = Release|Win32
		{2DDE0A30-F955-439F-8284-7975FD17A740}.Debug|x64.ActiveCfg = Debug|x64
		{2DDE0A30-F955-439F-8284-7975FD17A740}.Debug|x64.Build.0 = Debug|x64
		{2DDE0A30-F955-439F-8284-7975FD17A740}.Debug|x86.ActiveCfg = Debug|Win32
		{2DDE0A30-F955-439F-8284-7975FD17A740}.Debug|x86.Build.0 = Debug|Win32
		{2DDE0A30-F955-439F-8284-7975FD17A740}.Release|x64.ActiveCfg = Release|x64
		{2DDE0A30-F955-439F-8284-7975FD17A740}.Release|x64.Build.0 = Release|x64
		{2DDE0A30-F955-439F-8284-7975FD17A740}.Release|x86.ActiveCfg = Release|Win32
		{2DDE0A30-F955-439F-8284-7975FD17A740}.Release|x86.Build.0 = Release|Win32
		{ACE02D27-42A6-41E8-9D73-5F6D7FE37962}.Debug|x64.ActiveCfg = Debug|x64
		{ACE02D27-42A6-41E8-9D73-5F6D7FE37962}.Debug|x64.Build.0 = Debug|x64
		{ACE02D27-42A6-41E8-9D73-5F6D7FE37962}.Debug|x86.ActiveCfg = Debug|Win32
		{ACE02D27-42A6-41E8-9D73-5F6D7FE37962}.Debug|x86.Build.0 = Debug|Win32
		{ACE02D27-42A6-41E8-9D73-5F6D7FE37962}.Release|x64.ActiveCfg = Release|x64
		{ACE02D27-42A6-41E8-9D73-5F6D7FE37962}.Release|x64.Build.0 = Release|x64
		{ACE02D27-42A6-41E8-9D73-5F6D7FE37962}.Release|x86.ActiveCfg = Release|Win32
		{ACE02D27-42A6-41E8-9D73-5F6D7FE37962}.Release|x86.Build.0 = Release|Win32
		{E3A6BC57-245C-437B-8DAA-0D338CC28C71}.Debug|x64.ActiveCfg = Debug|x64
		{E3A6BC57-245C-437B-8DAA-0D338CC28C71}.Debug|x64.Build.0 = Debug|x64
		{E3A6BC57-245C-437B-8DAA-0D338CC28C71}.Debug|x86.ActiveCfg = Debug|Win32
		{E3A6BC57-245C-437B-8DAA-0D338CC28C71}.Debug|x86.Build.0 = Debug|Win32
		{E3A6BC57-245C-437B-8DAA-0D338CC28C71}.Release|x64.ActiveCfg = Release|x64
		{E3A6BC57-245C-437B-8DAA-0D338CC28C71}.Release|x64.Build.0 = Release|x64
		{E3A6BC57-245C-437B-8DAA-0D338CC28C71}.Release|x86.ActiveCfg = Release|Win32
		{E3A6BC57-245C-437B-8DAA-0D338CC28C71}.Release|x86.Build.0 = Release|Win32
		{BFC84335-1138-4898-9B6D-2677E62D8B33}.Debug|x64.ActiveCfg = Debug|x64
		{BFC84335-1138-4898-9B6D-2677E62D8B33}.Debug|x64.Build.0 = Debug|x64
		{BFC84335-1138-4898-9B6D-2677E62D8B33}.Debug|x86.ActiveCfg = Debug|Win32
		{BFC84335-1138-4898-9B6D-2677E62D8B33}.Debug|x86.Build.0 = Debug|Win32
		{BFC84335-1138-4898-9B6D-2677E62D8B33}.Release|x64.ActiveCfg = Release|x64
		{BFC84335-1138-4898-9B6D-2677E62D8B33}.Release|x64.Build.0 = Release|x64
		{BFC84335-1138-4898-9B6D-2677E62D8B33}.Release|x86.ActiveCfg = Release|Win32
		{BFC84335-1138-4898-9B6D-2677E62D8B33}.Release|x86.Build.0 = Release|Win32
		{6CC04606-D7B5-48EE-9412-33DAF9882E76}.Debug|x64.ActiveCfg = Debug|x64
		{6CC04606-D7B5-48EE-9412-33DAF9882E76}.Debug|x64.Build.0 = Debug|x64
		{6CC04606-D7B5-48EE-9412-33DAF9882E76}.Debug|x86.ActiveCfg = Debug|Win32
		{6CC04606-D7B5-48EE-9412-33DAF9882E76}.Debug|x86.Build.0 = Debug|Win32
		{6CC04606-D7B5-48EE-9412-33DAF9882E76}.Release|x64.ActiveCfg = Release|x64
		{6CC04606-D7B5-48EE-9412-33DAF9882E76}.Release|x64.Build.0 = Release|x64
		{6CC04606-D7B5-48EE-9412-33DAF9882E76}.Release|x86.ActiveCfg = Release|Win32
		{6CC04606-D7B5-48EE-9412-33DAF9882E76}.Release|x86.Build.0 = Release|Win32
		{1D88F329-0211-47C2-83CD-81AEEAB92C16}.Debug|x64.ActiveCfg = Debug|x64
		{1D88F329-0211-47C2-83CD-81AEEAB92C16}.Debug|x64.Build.0 = Debug|x64
		{1D88F329-0211-47C2-83CD-81AEEAB92C16}.Debug|x86.ActiveCfg = Debug|Win32
		{1D88F329-0211-47C2-83CD-81AEEAB92C16}.Debug|x86.Build.0 = Debug|Win32
		{1D88F329-0211-47C2-83CD-81AEEAB92C16}.Release|x64.ActiveCfg = Release|x64
		{1D88F329-0211-47C2-83CD-81AEEAB92C16}.Release|x64.Build.0 = Release|x64
		{1D88F329-0211-47C2-83CD-81AEEAB92C16}.Release|x86.ActiveCfg = Release|Win32
		{1D88F329-0211-47C2-83CD-81AEEAB92C16}.Release|x86.Build.0 = Release|Win32
		{CA7E6019-9C22-4EFF-9297-F12CEF4C9720}.Debug|x64.ActiveCfg = Debug|x64
		{CA7E6019-9C22-4EFF-9297-F12CEF4C9720}.Debug|x64.Build.0 = Debug|x64
		{CA7E6019-9C22-4EFF-9297-F12CEF4C9720}.Debug|x86.ActiveCfg = Debug|Win32
		{CA7E6019-9C22-4EFF-9297-F12CEF4C9720}.Debug|x86.Build.0 = Debug|Win32
		{CA7E6019-9C22-4EFF-9297-F12CEF4C9720}.Release|x64.ActiveCfg = Release|x64
		{CA7E6019-9C22-4EFF-9297-F12CEF4C9720}.Release|x64.Build.0 = Release|x64
		{CA7E6019-9C22-4EFF-9297-F12CEF4C9720}.Release|x86.ActiveCfg = Release|Win32
		{CA7E6019-9C22-4EFF-9297-F12CEF4C9720}.Release|x86.Build.0 = Release|Win32
		{5918E04C-ACFE-451B-8B79-9DD83988735B}.Debug|x64.ActiveCfg = Debug|x64
		{5918E04C-ACFE-451B-8B79-9DD83988735B}.Debug|x64.Build.0 = Debug|x64
		{5918E04C-ACFE-451B-8B79-9DD83988735B}.Debug|x86.ActiveCfg = Debug|Win32
		{5918E04C-ACFE-451B-8B79-9DD83988735B}.Debug|x86.Build.0 = Debug|Win32
		{5918E04C-ACFE-451B-8B79-9DD83988735B}.Release|x64.ActiveCfg = Release|x64
		{5918E04C-ACFE-451B-8B79-9DD83988735B}.Release|x64.Build.0 = Release|x64
		{5918E04C-ACFE-451B-8B79-9DD83988735B}.Release|x86.ActiveCfg = Release|Win32
		{5918E04C-ACFE-451B-8B79-9DD83988735B}.Release|x86.Build.0 = Release|Win32
		{804C810C-C281-45FF-B79C-993F90999EFD}.Debug|x64.ActiveCfg = Debug|x64
		{804C810C-C281-45FF-B79C-993F90999EFD}.Debug|x64.Build.0 = Debug|x64
		{804C810C-C281-45FF-B79C-993F90999EFD}.Debug|x86.ActiveCfg = Debug|Win32
		{804C810C-C281-45FF-B79C-993F90999EFD}.Debug|x86.Build.0 = Debug|Win32
		{804C810C-C281-45FF-B79C-993F90999EFD}.Release|x64.ActiveCfg = Release|x64
		{804C810C-C281-45FF-B79C-993F90999EFD}.Release|x64.Build.0 = Release|x64
		{804C810C-C281-45FF-B79C-993F90999EFD}.Release|x86.ActiveCfg = Release|Win32
		{804C810C-C281-45FF-B79C-993F90999EFD}.Release|x86.Build.0 = Release|Win32
		{9D3B378F-ECAB-40E1-A2E0-8FF629981CDF}.Debug|x64.ActiveCfg = Debug|x64
		{9D3B378F-ECAB-40E1-A2E0-8FF629981CDF}.Debug|x64.Build.0 = Debug|x64
		{9D3B378F-ECAB-40E1-A2E0-8FF629981CDF}.Debug|x86.ActiveCfg = Debug|Win32
		{9D3B378F-ECAB-40E1-A2E0-8FF629981CDF}.Debug|x86.Build.0 = Debug|Win32
		{9D3B378F-ECAB-40E1-A2E0-8FF629981CDF}.Release|x64.ActiveCfg = Release|x64
		{9D3B378F-ECAB-40E1-A2E0-8FF629981CDF}.Release|x64.Build.0 = Release|x64
		{9D3B378F-ECAB-40E1-A2E0-8FF629981CDF}.Release|x86.ActiveCfg = Release|Win32
		{9D3B378F-ECAB-40E1-A2E0-8FF629981CDF}.Release|x86.Build.0 = Release|Win32
		{CA5254BD-3397-4196-8D66-F09350C27208}.Debug|x64.ActiveCfg = Debug|x64
		{CA5254BD-3397-4196-8D66-F09350C27208}.Debug|x64.Build.0 = Debug|x64
		{CA5254BD-3397-4196-8D66-F09350C27208}.Debug|x86.ActiveCfg = Debug|Win32
		{CA5254BD-3397-4196-8D66-F09350C27208}.Debug|x86.Build.0 = Debug|Win32
		{CA5254BD-3397-4196-8D66-F09350C27208}.Release|x64.ActiveCfg = Release|x64
		{CA5254BD-3397-4196-8D66-F09350C27208}.Release|x64.Build.0 = Release|x64
		{CA5254BD-3397-4196-8D66-F09350C27208}.Release|x86.ActiveCfg = Release|Win32
		{CA5254BD-3397-4196-8D66-F09350C27208}.Release|x86.Build.0 = Release|Win32
		{27BE6BA6-058B-4FC6-8586-75347CF0BF41}.Debug|x64.ActiveCfg = Debug|x64
		{27BE6BA6-058B-4FC6-8586-75347CF0BF41}.Debug|x64.Build.0 = Debug|x64
		{27BE6BA6-058B-4FC6-8586-75347CF0BF41}.Debug|x86.ActiveCfg = Debug|Win32
		{27BE6BA6-058B-4FC6-8586-75347CF0BF41}.Debug|x86.Build.0 = Debug|Win32
		{27BE6BA6-058B-4FC6-8586-75347CF0BF41}.Release|x64.ActiveCfg = Release|x64
		{27BE6BA6-058B-4FC6-8586-75347CF0BF41}.Release|x64.Build.0 = Release|x64
		{27BE6BA6-058B-4FC6-8586-75347CF0BF41}.Release|x86.ActiveCfg = Release|Win32
		{27BE6BA6-058B-4FC6-8586-75347CF0BF41}.Release|x86.Build.0 = Release|Win32
		{75E5F282-707C-4BC7-AEA7-386E1A534231}.Debug|x64.ActiveCfg = Debug|x64
		{75E5F282-707C-4BC7-AEA7-386E1A534231}.Debug|x64.Build.0 = Debug|x64
		{75E5F282-707C-4BC7-AEA7-386E1A534231}.Debug|x86.ActiveCfg = Debug|Win32
		{75E5F282-707C-4BC7-AEA7-386E1A534231}.Debug|x86.Build.0 = Debug|Win32
		{75E5F282-707C-4BC7-AEA7-386E1A534231}.Release|x64.ActiveCfg = Release|x64
		{75E5F282-707C-4BC7-AEA7-386E1A534231}.Release|x64.Build.0 = Release|x64
		{75E5F282-707C-4BC7-AEA7-386E1A534231}.Release|x86.ActiveCfg = Release|Win32
		{75E5F282-707C-4BC7-AEA7-386E1A534231}.Release|x86.Build.0 = Release|Win32
		{0D644AE3-2391-47C3-88BC-B696F8B7D185}.Debug|x64.ActiveCfg = Debug|x64
		{0D644AE3-2391-47C3-88BC-B696F8B7D185}.Debug|x64.Build.0 = Debug|x64
		{0D644AE3-2391-47C3-88BC-B696F8B7D185}.Debug|x86.ActiveCfg = Debug|Win32
		{0D644AE3-2391-47C3-88BC-B696F8B7D185}.Debug|x86.Build.0 = Debug|Win32
		{0D644AE3-2391-47C3-88BC-B696F8B7D185}.Release|x64.ActiveCfg = Release|x64
		{0D644AE3-2391-47C3-88BC-B696F8B7D185}.Release|x64.Build.0 = Release|x64
		{0D644AE3-2391-47C3-88BC-B696F8B7D185}.Release|x86.ActiveCfg = Release|Win32
		{0D644AE3-2391-47C3-88BC-B696F8B7D185}.Release|x86.Build.0 = Release|Win32
		{18886865-5BB0-4CFB-B309-20BC89B33CD0}.Debug|x64.ActiveCfg = Debug|x64
		{18886865-5BB0-4CFB-B309-20BC89B33CD0}.Debug|x64.Build.0 = Debug|x64
		{18886865-5BB0-4CFB-B309-20BC89B33CD0}.Debug|x86.ActiveCfg = Debug|Win32
		{18886865-5BB0-4CFB-B309-20BC89B33CD0}.Debug|x86.Build.0 = Debug|Win32
		{18886865-5BB0-4CFB-B309-20BC89B33CD0}.Release|x64.ActiveCfg = Release|x64
		{18886865-5BB0-4CFB-B309-20BC89B33CD0}.Release|x64.Build.0 = Release|x64
		{18886865-5BB0-4CFB-B309-20BC89B33CD0}.Release|x86.ActiveCfg = Release|Win32
		{18886865-5BB0-4CFB-B309-20BC89B33CD0}.Release|x86.Build.0 = Release|Win32
		{10DC733B-3DE8-4C53-BF20-EA39C58C491B}.Debug|x64.ActiveCfg = Debug|x64
		{10DC733B-3DE8-4C53-BF20-EA39C58C491B}.Debug|x64.Build.0 = Debug|x64
		{10DC733B-3DE8-4C53-BF20-EA39C58C491B}.Debug|x86.ActiveCfg = Debug|Win32
		{10DC733B-3DE8-4C53-BF20-EA39C58C491B}.Debug|x86.Build.0 = Debug|Win32
		{10DC733B-3DE8-4C53-BF20-EA39C58C491B}.Release|x64.ActiveCfg = Release|x64
		{10DC733B-3DE8-4C53-BF20-EA39C58C491B}.Release|x64.Build.0 = Release|x64
		{10DC733B-3DE8-4C53-BF20-EA39C58C491B}.Release|x86.ActiveCfg = Release|Win32
		{10DC733B-3DE8-4C53-BF20-EA39C58C491B}.Release|x86.Build.0 = Release|Win32
		{5E4B5B87-22AE-454F-8B5D-675701601D5C}.Debug|x64.ActiveCfg = Debug|x64
		{5E4B5B87-22AE-454F-8B5D-675701601D5C}.Debug|x64.Build.0 = Debug|x64
		{5E4B5B87-22AE-454F-8B5D-675701601D5C}.Debug|x86.ActiveCfg = Debug|Win32
		{5E4B5B87-22AE-454F-8B5D-675701601D5C}.Debug|x86.Build.0 = Debug|Win32
		{5E4B5B87-22AE-454F-8B5D-675701601D5C}.Release|x64.ActiveCfg = Release|x64
		{5E4B5B87-22AE-454F-8B5D-675701601D5C}.Release|x64.Build.0 = Release|x64
		{5E4B5B87-22AE-454F-8B5D-675701601D5C}.Release|x86.ActiveCfg = Release|Win32
		{5E4B5B87-22AE-454F-8B5D-675701601D5C}.Release|x86.Build.0 = Release|Win32
		{1393FF3F-4FD6-46ED-B0BA-CC82760E4745}.Debug|x64.ActiveCfg = Debug|x64
		{1393FF3F-4FD6-46ED-B0BA-CC82760E4745}.Debug|x64.Build.0 = Debug|x64
		{1393FF3F-4FD6-46ED-B0BA-CC82760E4745}.Debug|x86.ActiveCfg = Debug|Win32
		{1393FF3F-4FD6-46ED-B0BA-CC82760E4745}.Debug|x86.Build.0 = Debug|Win32
		{1393FF3F-4FD6-46ED-B0BA-CC82760E4745}.Release|x64.ActiveCfg = Release|x64
		{1393FF3F-4FD6-46ED-B0BA-CC82760E4745}.Release|x64.Build.0 = Release|x64
		{1393FF3F-4FD6-46ED-B0BA-CC82760E4745}.Release|x86.ActiveCfg = Release|Win32
		{1393FF3F-4FD6-46ED-B0BA-CC82760E4745}.Release|x86.Build.0 = Release|Win32
		{8863DFA8-4073-47DC-95BB-6574E9983CD1}.Debug|x64.ActiveCfg = Debug|x64
		{8863DFA8-4073-47DC-95BB-6574E9983CD1}.Debug|x64.Build.0 = Debug|x64
		{8863DFA8-4073-47DC-95BB-6574E9983CD1}.Debug|x86.ActiveCfg = Debug|Win32
		{8863DFA8-4073-47DC-95BB-6574E9983CD1}.Debug|x86.Build.0 = Debug|Win32
		{8863DFA8-4073-47DC-95BB-6574E9983CD1}.Release|x64.ActiveCfg = Release|x64
		{8863DFA8-4073-47DC-95BB-6574E9983CD1}.Release|x64.Build.0 = Release|x64
		{8863DFA8-4073-47DC-95BB-6574E9983CD1}.Release|x86.ActiveCfg = Release|Win32
		{8863DFA8-4073-47DC-95BB-6574E9983CD1}.Release|x86.Build.0 = Release|Win32
		{CF294332-CAAC-432A-A32F-23A0D1553B6F}.Debug|x64.ActiveCfg = Debug|x64
		{CF294332-CAAC-432A-A32F-23A0D1553B6F}.Debug|x64.Build.0 = Debug|x64
		{CF294332-CAAC-432A-A32F-23A0D1553B6F}.Debug|x86.ActiveCfg = Debug|Win32
		{CF294332-CAAC-432A-A32F-23A0D1553B6F}.Debug|x86.Build.0 = Debug|Win32
		{CF294332-CAAC-432A-A32F-23A0D1553B6F}.Release|x64.ActiveCfg = Release|x64
		{CF294332-CAAC-432A-A32F-23A0D1553B6F}.Release|x64.Build.0 = Release|x64
		{CF294332-CAAC-432A-A32F-23A0D1553B6F}.Release|x86.ActiveCfg = Release|Win32
		{CF294332-CAAC-432A-A32F-23A0D1553B6F}.Release|x86.Build.0 = Release|Win32
		{D8C48269-8527-4D7C-8B4C-0C160EDB110C}.Debug|x64.ActiveCfg = Debug|x64
		{D8C48269-8527-4D7C-8B4C-0C160EDB110C}.Debug|x64.Build.0 = Debug|x64
		{D8C48269-8527-4D7C-8B4C-0C160EDB110C}.Debug|x86.ActiveCfg = Debug|Win32
		{D8C48269-8527-4D7C-8B4C-0C160EDB110C}.Debug|x86.Build.0 = Debug|Win32
		{D8C48269-8527-4D7C-8B4C-0C160EDB110C}.Release|x64.ActiveCfg = Release|x64
		{D8C48269-8527-4D7C-8B4C-0C160EDB110C}.Release|x64.Build.0 = Release|x64
		{D8C48269-8527-4D7C-8B4C-0C160EDB110C}.Release|x86.ActiveCfg = Release|Win32
		{D8C48269-8527-4D7C-8B4C-0C160EDB110C}.Release|x86.Build.0 = Release|Win32
		{0CE20FE3-2A29-473A-8CE1-71ECF64A99C8}.Debug|x64.ActiveCfg = Debug|x64
		{0CE20FE3-2A29-473A-8CE1-71ECF64A99C8}.Debug|x64.Build.0 = Debug|x64
		{0CE20FE3-2A29-473A-8CE1-71ECF64A99C8}.Debug|x86.ActiveCfg = Debug|Win32
		{0CE20FE3-2A29-473A-8CE1-71ECF64A99C8}.Debug|x86.Build.0 = Debug|Win32
		{0CE20FE3-2A29-473A-8CE1-71ECF64A99C8}.Release|x64.ActiveCfg = Release|x64
		{0CE20FE3-2A29-473A-8CE1-71ECF64A99C8}.Release|x64.Build.0 = Release|x64
		{0CE20FE3-2A29-473A-8CE1-71ECF64A99C8}.Release|x86.ActiveCfg = Release|Win32
		{0CE20FE3-2A29-473A-8CE1-71ECF64A99C8}.Release|x86.Build.0 = Release|Win32
		{EBD13EEC-D8C2-4DD4-8BA5-F68C3880AB63}.Debug|x64.ActiveCfg = Debug|x64
		{EBD13EEC-D8C2-4DD4-8BA5-F68C3880AB63}.Debug|x64.Build.0 = Debug|x64
		{EBD13EEC-D8C2-4DD4-8BA5-F68C3880AB63}.Debug|x86.ActiveCfg = Debug|Win32
		{EBD13EEC-D8C2-4DD4-8BA5-F68C3880AB63}.Debug|x86.Build.0 = Debug|Win32
		{EBD13EEC-D8C2-4DD4-8BA5-F68C3880AB63}.Release|x64.ActiveCfg = Release|x64
		{EBD13EEC-D8C2-4DD4-8BA5-F68C3880AB63}.Release|x64.Build.0 = Release|x64
		{EBD13EEC-D8C2-4DD4-8BA5-F68C3880AB63}.Release|x86.ActiveCfg = Release|Win32
		{EBD13EEC-D8C2-4DD4-8BA5-F68C3880AB63}.Release|x86.Build.0 = Release|Win32
		{BA0FC5FA-8177-4DA7-99BC-00DEEB284BAB}.Debug|x64.ActiveCfg = Debug|x64
		{BA0FC5FA-8177-4DA7-99BC-00DEEB284BAB}.Debug|x64.Build.0 = Debug|x64
		{BA0FC5FA-8177-4DA7-99BC-00DEEB284BAB}.Debug|x86.ActiveCfg = Debug|Win32
		{BA0FC5FA-8177-4DA7-99BC-00DEEB284BAB}.Debug|x86.Build.0 = Debug|Win32
		{BA0FC5FA-8177-4DA7-99BC-00DEEB284BAB}.Release|x64.ActiveCfg = Release|x64
		{BA0FC5FA-8177-4DA7-99BC-00DEEB284BAB}.Release|x64.Build.0 = Release|x64
		{BA0FC5FA-8177-4DA7-99BC-00DEEB284BAB}.Release|x86.ActiveCfg = Release|Win32
		{BA0FC5FA-8177-4DA7-99BC-00DEEB284BAB}.Release|x86.Build.0 = Release|Win32
		{24CA69D2-5DE6-4932-A829-A042F1291BDA}.Debug|x64.ActiveCfg = Debug|x64
		{24CA69D2-5DE6-4932-A829-A042F1291BDA}.Debug|x64.Build.0 = Debug|x64
		{24CA69D2-5DE6-4932-A829-A042F1291BDA}.Debug|x86.ActiveCfg = Debug|Win32
		{24CA69D2-5DE6-4932-A829-A042F1291BDA}.Debug|x86.Build.0 = Debug|Win32
		{24CA69D2-5DE6-4932-A829-A042F1291BDA}.Release|x64.ActiveCfg = Release|x64
		{24CA69D2-5DE6-4932-A829-A042F1291BDA}.Release|x64.Build.0 = Release|x64
		{24CA69D2-5DE6-4932-A829-A042F1291BDA}.Release|x86.ActiveCfg = Release|Win32
		{24CA69D2-5DE6-4932-A829-A042F1291BDA}.Release|x86.Build.0 = Release|Win32
		{A55B6FE4-C1EE-4C55-8469-6EAAB94C325F}.Debug|x64.ActiveCfg = Debug|x64
		{A55B6FE4-C1EE-4C55-8469-6EAAB94C325F}.Debug|x64.Build.0 = Debug|x64
		{A55B6FE4-C1EE-4C55-8469-6EAAB94C325F}.Debug|x86.ActiveCfg = Debug|Win32
		{A55B6FE4-C1EE-4C55-8469-6EAAB94C325F}.Debug|x86.Build.0 = Debug|Win32
		{A55B6FE4-C1EE-4C55-8469-6EAAB94C325F}.Release|x64.ActiveCfg = Release|x64
		{A55B6FE4-C1EE-4C55-8469-6EAAB94C325F}.Release|x64.Build.0 = Release|x64
		{A55B6FE4-C1EE-4C55-8469-6EAAB94C325F}.Release|x86.ActiveCfg = Release|Win32
		{A55B6FE4-C1EE-4C55-8469-6EAAB94C325F}.Release|x86.Build.0 = Release|Win32
		{F844DA37-C724-4437-A16E-A8AD3C7FB3AE}.Debug|x64.ActiveCfg = Debug|x64
		{F844DA37-C724-4437-A16E-A8AD3C7FB3AE}.Debug|x64.Build.0 = Debug|x64
		{F844DA37-C724-4437-A16E-A8AD3C7FB3AE}.Debug|x86.ActiveCfg = Debug|Win32
		{F844DA37-C724-4437-A16E-A8AD3C7FB3AE}.Debug|x86.Build.0 = Debug|Win32
		{F844DA37-C724-4437-A16E-A8AD3C7FB3AE}.Release|x64.ActiveCfg = Release|x64
		{F844DA37-C724-4437-A16E-A8AD3C7FB3AE}.Release|x64.Build.0 = Release|x64
		{F844DA37-C724-4437-A16E-A8AD3C7FB3AE}.Release|x86.ActiveCfg = Release|Win32
		{F844DA37-C724-4437-A16E-A8AD3C7FB3AE}.Release|x86.Build.0 = Release|Win32
		{E1B9C539-AABB-4170-9577-D9E5210894B9}.Debug|x64.ActiveCfg = Debug|x64
		{E1B9C539-AABB-4170-9577-D9E5210894B9}.Debug|x64.Build.0 = Debug|x64
		{E1B9C539-AABB-4170-9577-D9E5210894B9}.Debug|x86.ActiveCfg = Debug|Win32
		{E1B9C539-AABB-4170-9577-D9E5210894B9}.Debug|x86.Build.0 = Debug|Win32
		{E1B9C539-AABB-4170-9577-D9E5210894B9}.Release|x64.ActiveCfg = Release|x64
		{E1B9C539-AABB-4170-9577-D9E5210894B9}.Release|x64.Build.0 = Release|x64
		{E1B9C539-AABB-4170-9577-D9E5210894B9}.Release|x86.ActiveCfg = Release|Win32
		{E1B9C539-AABB-4170-9577-D9E5210894B9}.Release|x86.Build.0 = Release|Win32
		{0700916B-2B77-43FB-A4E1-B94419B7C4C6}.Debug|x64.ActiveCfg = Debug|x64
		{0700916B-2B77-43FB-A4E1-B94419B7C4C6}.Debug|x64.Build.0 = Debug|x64
		{0700916B-2B77-43FB-A4E1-B94419B7C4C6}.Debug|x86.ActiveCfg = Debug|Win32
		{0700916B-2B77-43FB-A4E1-B94419B7C4C6}.Debug|x86.Build.0 = Debug|Win32
		{0700916B-2B77-43FB-A4E1-B94419B7C4C6}.Release|x64.ActiveCfg = Release|x64
		{0700916B-2B77-43FB-A4E1-B94419B7C4C6}.Release|x64.Build.0 = Release|x64
		{0700916B-2B77-43FB-A4E1-B94419B7C4C6}.Release|x86.ActiveCfg = Release|Win32
		{0700916B-2B77-43FB-A4E1-B94419B7C4C6}.Release|x86.Build.0 = Release|Win32
		{3260A2AF-86AF-40C2-B3D2-BCC65C8F5584}.Debug|x64.ActiveCfg = Debug|x64
		{3260A2AF-86AF-40C2-B3D2-BCC65C8F5584}.Debug|x64.Build.0 = Debug|x64
		{3260A2AF-86AF-40C2-B3D2-BCC65C8F5584}.Debug|x86.ActiveCfg = Debug|Win32
		{3260A2AF-86AF-40C2-B3D2-BCC65C8F5584}.Debug|x86.Build.0 = Debug|Win32
		{3260A2AF-86AF-40C2-B3D2-BCC65C8F5584}.Release|x64.ActiveCfg = Release|x64
		{3260A2AF-86AF-40C2-B3D2-BCC65C8F5584}.Release|x64.Build.0 = Release|x64
		{3260A2AF-86AF-40C2-B3D2-BCC65C8F5584}.Release|x86.ActiveCfg = Release|Win32
		{3260A2AF-86AF-40C2-B3D2-BCC65C8F5584}.Release|x86.Build.0 = Release|Win32
		{CACD657E-CECC-46DC-B9C7-5AB2D6653464}.Debug|x64.ActiveCfg = Debug|x64
		{CACD657E-CECC-46DC-B9C7-5AB2D6653464}.Debug|x64.Build.0 = Debug|x64
		{CACD657E-CECC-46DC-B9C7-5AB2D6653464}.Debug|x86.ActiveCfg = Debug|Win32
		{CACD657E-CECC-46DC-B9C7-5AB2D6653464}.Debug|x86.Build.0 = Debug|Win32
		{CACD657E-CECC-46DC-B9C7-5AB2D6653464}.Release|x64.ActiveCfg = Release|x64
		{CACD657E-CECC-46DC-B9C7-5AB2D6653464}.Release|x64.Build.0 = Release|x64
		{CACD657E-CECC-46DC-B9C7-5AB2D6653464}.Release|x86.ActiveCfg = Release|Win32
		{CACD657E-CECC-46DC-B9C7-5AB2D6653464}.Release|x86.Build.0 = Release|Win32
		{4C6F0E63-D1B6-42FD-82FA-CDE9925377FA}.Debug|x64.ActiveCfg = Debug|x64
		{4C6F0E63-D1B6-42FD-82FA-CDE9925377FA}.Debug|x64.Build.0 = Debug|x64
		{4C6F0E63-D1B6-42FD-82FA-CDE9925377FA}.Debug|x86.ActiveCfg = Debug|Win32
		{4C6F0E63-D1B6-42FD-82FA-CDE9925377FA}.Debug|x86.Build.0 = Debug|Win32
		{4C6F0E63-D1B6-42FD-82FA-CDE9925377FA}.Release|x64.ActiveCfg = Release|x64
		{4C6F0E63-D1B6-42FD-82FA-CDE9925377FA}.Release|x64.Build.0 = Release|x64
		{4C6F0E63-D1B6-42FD-82FA-CDE9925377FA}.Release|x86.ActiveCfg = Release|Win32
		{4C6F0E63-D1B6-42FD-82FA-CDE9925377FA}.Release|x86.Build.0 = Release|Win32
		{1DB89577-F76D-4EBF-B636-9B476AC1150C}.Debug|x64.ActiveCfg = Debug|x64
		{1DB89577-F76D-4EBF-B636-9B476AC1150C}.Debug|x64.Build.0 = Debug|x64
		{1DB89577-F76D-4EBF-B636-9B476AC1150C}.Debug|x86.ActiveCfg = Debug|Win32
		{1DB89577-F76D-4EBF-B636-9B476AC1150C}.Debug|x86.Build.0 = Debug|Win32
		{1DB89577-F76D-4EBF-B636-9B476AC1150C}.Release|x64.ActiveCfg = Release|x64
		{1DB89577-F76D-4EBF-B636-9B476AC1150C}.Release|x64.Build.0 = Release|x64
		{1DB89577-F76D-4EBF-B636-9B476AC1150C}.Release|x86.ActiveCfg = Release|Win32
		{1DB89577-F76D-4EBF-B636-9B476AC1150C}.Release|x86.Build.0 = Release|Win32
		{A7E31054-7CE6-418D-9A1F-D656FA36E298}.Debug|x64.ActiveCfg = Debug|x64
		{A7E31054-7CE6-418D-9A1F-D656FA36E298}.Debug|x64.Build.0 = Debug|x64
		{A7E31054-7CE6-418D-9A1F-D656FA36E298}.Debug|x86.ActiveCfg = Debug|Win32
		{A7E31054-7CE6-418D-9A1F-D656FA36E298}.Debug|x86.Build.0 = Debug|Win32
		{A7E31054-7CE6-418D-9A1F-D656FA36E298}.Release|x64.ActiveCfg = Release|x64
		{A7E31054-7CE6-418D-9A1F-D656FA36E298}.Release|x64.Build.0 = Release|x64
		{A7E31054-7CE6-418D-9A1F-D656FA36E298}.Release|x86.ActiveCfg = Release|Win32
		{A7E31054-7CE6-418D-9A1F-D656FA36E298}.Release|x86.Build.0 = Release|Win32
	EndGlobalSection
	GlobalSection(SolutionProperties) = preSolution
		HideSolutionNode = FALSE
	EndGlobalSection
	GlobalSection(ExtensibilityGlobals) = postSolution
		SolutionGuid = {5CD0F0E4-7E16-4358-863D-12E5EB66A707}
	EndGlobalSection
EndGlobal
